buf.build/gen/go/bufbuild/protovalidate/protocolbuffers/go v1.36.8-20250717185734-6c6e0d3c608e.1 h1:sjY1k5uszbIZfv11HO2keV4SLhNA47SabPO886v7Rvo=
buf.build/gen/go/bufbuild/protovalidate/protocolbuffers/go v1.36.8-20250717185734-6c6e0d3c608e.1/go.mod h1:8EQ5GzyGJQ5tEIwMSxCl8RKJYsjCpAwkdcENoioXT6g=
github.com/go-sphere/binding v0.0.0-20250828071635-07ce8e970ca8 h1:8Ati8dB3krFKtufqh86A6YsMvsmsT6bCp2Ygd5+MIxY=
github.com/go-sphere/binding v0.0.0-20250828071635-07ce8e970ca8/go.mod h1:0mukFqHNQULXOcTDSMsB3S+hfS/de+ooWUOQSQU1yrQ=
github.com/google/go-cmp v0.5.5 h1:Khx7svrCpmxxtHBq5j2mp/xVjsi8hQMfNLvJFAlrGgU=
github.com/google/go-cmp v0.5.5/go.mod h1:v8dTdLbMG2kIc/vJvl+f65V22dbkXbowE6jgT/gNBxE=
golang.org/x/xerrors v0.0.0-20191204190536-9bdfabe68543 h1:E7g+9GITq07hpfrRu66IVDexMakfv52eLZ2CXBWiKr4=
golang.org/x/xerrors v0.0.0-20191204190536-9bdfabe68543/go.mod h1:I/5z698sn9Ka8TeJc9MKroUUfqBBauWjQqLJ2OPfmY0=
google.golang.org/genproto/googleapis/api v0.0.0-20250818200422-3122310a409c h1:AtEkQdl5b6zsybXcbz00j1LwNodDuH6hVifIaNqk7NQ=
google.golang.org/genproto/googleapis/api v0.0.0-20250818200422-3122310a409c/go.mod h1:ea2MjsO70ssTfCjiwHgI0ZFqcw45Ksuk2ckf9G468GA=
google.golang.org/genproto/googleapis/api v0.0.0-20250826171959-ef028d996bc1 h1:APHvLLYBhtZvsbnpkfknDZ7NyH4z5+ub/I0u8L3Oz6g=
google.golang.org/genproto/googleapis/api v0.0.0-20250826171959-ef028d996bc1/go.mod h1:xUjFWUnWDpZ/C0Gu0qloASKFb6f8/QXiiXhSPFsD668=
google.golang.org/protobuf v1.36.8 h1:xHScyCOEuuwZEc6UtSOvPbAT4zRh0xcNRYekJwfqyMc=
google.golang.org/protobuf v1.36.8/go.mod h1:fuxRtAxBytpl4zzqUh6/eyUujkJdNiuEkXntxiD/uRU=
