# Generated by buf. DO NOT EDIT.
version: v2
deps:
  - name: buf.build/go-sphere/binding
    commit: 3aaca267961747409ab0fefc18eee7de
    digest: b5:38e78e0329c9aa8b91fb3065bb2afa906a656458207d594235918d77b5b26b55837fd4d1290ee63481986ccaf0c4282a8da9afdfb5b92927176929dcbce7e619
  - name: buf.build/googleapis/googleapis
    commit: 004180b77378443887d3b55cabc00384
    digest: b5:e8f475fe3330f31f5fd86ac689093bcd274e19611a09db91f41d637cb9197881ce89882b94d13a58738e53c91c6e4bae7dc1feba85f590164c975a89e25115dc
